{
  "name": "vuejs",
  "lockfileVersion": 2,
  "requires": true,
  "packages": {
    "": {
      "dependencies": {
        "cors": "^2.8.5",
        "v-mask": "^2.3.0",
        "vuetify-money": "^1.2.0"
      }
    },
    "node_modules/cors": {
      "version": "2.8.5",
      "resolved": "https://registry.npmjs.org/cors/-/cors-2.8.5.tgz",
      "integrity": "sha512-KIHbLJqu73RGr/hnbrO9uBeixNGuvSQjul/jdFvS/KFSIH1hWVd1ng7zOHx+YrEfInLG7q4n6GHQ9cDtxv/P6g==",
      "dependencies": {
        "object-assign": "^4",
        "vary": "^1"
      },
      "engines": {
        "node": ">= 0.10"
      }
    },
    "node_modules/object-assign": {
      "version": "4.1.1",
      "resolved": "https://registry.npmjs.org/object-assign/-/object-assign-4.1.1.tgz",
      "integrity": "sha1-IQmtx5ZYh8/AXLvUQsrIv7s2CGM=",
      "engines": {
        "node": ">=0.10.0"
      }
    },
    "node_modules/v-mask": {
      "version": "2.3.0",
      "resolved": "https://registry.npmjs.org/v-mask/-/v-mask-2.3.0.tgz",
      "integrity": "sha512-ap7pTtCTvj25CqX4VYXqudCBd0+XvYyhiiLbzWQQR7AMQosJ2+DPu0a94P9stk0EGmGcmYxJaPkFkfjD8hquWQ=="
    },
    "node_modules/vary": {
      "version": "1.1.2",
      "resolved": "https://registry.npmjs.org/vary/-/vary-1.1.2.tgz",
      "integrity": "sha1-IpnwLG3tMNSllhsLn3RSShj2NPw=",
      "engines": {
        "node": ">= 0.8"
      }
    },
    "node_modules/vuetify-money": {
      "version": "1.2.0",
      "resolved": "https://registry.npmjs.org/vuetify-money/-/vuetify-money-1.2.0.tgz",
      "integrity": "sha512-YVxO2bNE9HIgRZmF/d3ol4DJrJrbnptzrd72D5KpUxaSyjx0+8bTxUStGRYIHPoFsnUH/uCJOuZkGSVhbdqf3A=="
    }
  },
  "dependencies": {
    "cors": {
      "version": "2.8.5",
      "resolved": "https://registry.npmjs.org/cors/-/cors-2.8.5.tgz",
      "integrity": "sha512-KIHbLJqu73RGr/hnbrO9uBeixNGuvSQjul/jdFvS/KFSIH1hWVd1ng7zOHx+YrEfInLG7q4n6GHQ9cDtxv/P6g==",
      "requires": {
        "object-assign": "^4",
        "vary": "^1"
      }
    },
    "object-assign": {
      "version": "4.1.1",
      "resolved": "https://registry.npmjs.org/object-assign/-/object-assign-4.1.1.tgz",
      "integrity": "sha1-IQmtx5ZYh8/AXLvUQsrIv7s2CGM="
    },
    "v-mask": {
      "version": "2.3.0",
      "resolved": "https://registry.npmjs.org/v-mask/-/v-mask-2.3.0.tgz",
      "integrity": "sha512-ap7pTtCTvj25CqX4VYXqudCBd0+XvYyhiiLbzWQQR7AMQosJ2+DPu0a94P9stk0EGmGcmYxJaPkFkfjD8hquWQ=="
    },
    "vary": {
      "version": "1.1.2",
      "resolved": "https://registry.npmjs.org/vary/-/vary-1.1.2.tgz",
      "integrity": "sha1-IpnwLG3tMNSllhsLn3RSShj2NPw="
    },
    "vuetify-money": {
      "version": "1.2.0",
      "resolved": "https://registry.npmjs.org/vuetify-money/-/vuetify-money-1.2.0.tgz",
      "integrity": "sha512-YVxO2bNE9HIgRZmF/d3ol4DJrJrbnptzrd72D5KpUxaSyjx0+8bTxUStGRYIHPoFsnUH/uCJOuZkGSVhbdqf3A=="
    }
  }
}
